
Microsoft Visual Studio Solution File, Format Version 12.00
# Visual Studio 2012
Project("{FAE04EC0-301F-11D3-BF4B-00C04F79EFBC}") = "XLabsCamera", "XLabsCamera\XLabsCamera.csproj", "{96B01755-DC75-4A08-B605-D5A9D9062256}"
EndProject
Project("{FAE04EC0-301F-11D3-BF4B-00C04F79EFBC}") = "XLabsCamera.iOS", "iOS\XLabsCamera.iOS.csproj", "{DE24990E-B519-4409-AD1F-D4CC3D6F6DBB}"
EndProject
Project("{FAE04EC0-301F-11D3-BF4B-00C04F79EFBC}") = "XLabsCamera.Droid", "Droid\XLabsCamera.Droid.csproj", "{72F68CA4-5D76-496A-8EB3-BE79E002B17B}"
EndProject
Project("{FAE04EC0-301F-11D3-BF4B-00C04F79EFBC}") = "XLabsCamera.UITests", "UITests\XLabsCamera.UITests.csproj", "{792AE7D8-4526-4E13-8337-D6176CE2166F}"
EndProject
Global
	GlobalSection(SolutionConfigurationPlatforms) = preSolution
		Debug|Any CPU = Debug|Any CPU
		Release|Any CPU = Release|Any CPU
		Debug|iPhoneSimulator = Debug|iPhoneSimulator
		Release|iPhone = Release|iPhone
		Release|iPhoneSimulator = Release|iPhoneSimulator
		Debug|iPhone = Debug|iPhone
	EndGlobalSection
	GlobalSection(ProjectConfigurationPlatforms) = postSolution
		{72F68CA4-5D76-496A-8EB3-BE79E002B17B}.Debug|Any CPU.ActiveCfg = Debug|Any CPU
		{72F68CA4-5D76-496A-8EB3-BE79E002B17B}.Debug|Any CPU.Build.0 = Debug|Any CPU
		{72F68CA4-5D76-496A-8EB3-BE79E002B17B}.Debug|iPhone.ActiveCfg = Debug|Any CPU
		{72F68CA4-5D76-496A-8EB3-BE79E002B17B}.Debug|iPhone.Build.0 = Debug|Any CPU
		{72F68CA4-5D76-496A-8EB3-BE79E002B17B}.Debug|iPhoneSimulator.ActiveCfg = Debug|Any CPU
		{72F68CA4-5D76-496A-8EB3-BE79E002B17B}.Debug|iPhoneSimulator.Build.0 = Debug|Any CPU
		{72F68CA4-5D76-496A-8EB3-BE79E002B17B}.Release|Any CPU.ActiveCfg = Release|Any CPU
		{72F68CA4-5D76-496A-8EB3-BE79E002B17B}.Release|Any CPU.Build.0 = Release|Any CPU
		{72F68CA4-5D76-496A-8EB3-BE79E002B17B}.Release|iPhone.ActiveCfg = Release|Any CPU
		{72F68CA4-5D76-496A-8EB3-BE79E002B17B}.Release|iPhone.Build.0 = Release|Any CPU
		{72F68CA4-5D76-496A-8EB3-BE79E002B17B}.Release|iPhoneSimulator.ActiveCfg = Release|Any CPU
		{72F68CA4-5D76-496A-8EB3-BE79E002B17B}.Release|iPhoneSimulator.Build.0 = Release|Any CPU
		{792AE7D8-4526-4E13-8337-D6176CE2166F}.Debug|Any CPU.ActiveCfg = Debug|Any CPU
		{792AE7D8-4526-4E13-8337-D6176CE2166F}.Debug|Any CPU.Build.0 = Debug|Any CPU
		{792AE7D8-4526-4E13-8337-D6176CE2166F}.Debug|iPhone.ActiveCfg = Debug|Any CPU
		{792AE7D8-4526-4E13-8337-D6176CE2166F}.Debug|iPhone.Build.0 = Debug|Any CPU
		{792AE7D8-4526-4E13-8337-D6176CE2166F}.Debug|iPhoneSimulator.ActiveCfg = Debug|Any CPU
		{792AE7D8-4526-4E13-8337-D6176CE2166F}.Debug|iPhoneSimulator.Build.0 = Debug|Any CPU
		{792AE7D8-4526-4E13-8337-D6176CE2166F}.Release|Any CPU.ActiveCfg = Release|Any CPU
		{792AE7D8-4526-4E13-8337-D6176CE2166F}.Release|Any CPU.Build.0 = Release|Any CPU
		{792AE7D8-4526-4E13-8337-D6176CE2166F}.Release|iPhone.ActiveCfg = Release|Any CPU
		{792AE7D8-4526-4E13-8337-D6176CE2166F}.Release|iPhone.Build.0 = Release|Any CPU
		{792AE7D8-4526-4E13-8337-D6176CE2166F}.Release|iPhoneSimulator.ActiveCfg = Release|Any CPU
		{792AE7D8-4526-4E13-8337-D6176CE2166F}.Release|iPhoneSimulator.Build.0 = Release|Any CPU
		{96B01755-DC75-4A08-B605-D5A9D9062256}.Debug|Any CPU.ActiveCfg = Debug|Any CPU
		{96B01755-DC75-4A08-B605-D5A9D9062256}.Debug|Any CPU.Build.0 = Debug|Any CPU
		{96B01755-DC75-4A08-B605-D5A9D9062256}.Debug|iPhone.ActiveCfg = Debug|Any CPU
		{96B01755-DC75-4A08-B605-D5A9D9062256}.Debug|iPhone.Build.0 = Debug|Any CPU
		{96B01755-DC75-4A08-B605-D5A9D9062256}.Debug|iPhoneSimulator.ActiveCfg = Debug|Any CPU
		{96B01755-DC75-4A08-B605-D5A9D9062256}.Debug|iPhoneSimulator.Build.0 = Debug|Any CPU
		{96B01755-DC75-4A08-B605-D5A9D9062256}.Release|Any CPU.ActiveCfg = Release|Any CPU
		{96B01755-DC75-4A08-B605-D5A9D9062256}.Release|Any CPU.Build.0 = Release|Any CPU
		{96B01755-DC75-4A08-B605-D5A9D9062256}.Release|iPhone.ActiveCfg = Release|Any CPU
		{96B01755-DC75-4A08-B605-D5A9D9062256}.Release|iPhone.Build.0 = Release|Any CPU
		{96B01755-DC75-4A08-B605-D5A9D9062256}.Release|iPhoneSimulator.ActiveCfg = Release|Any CPU
		{96B01755-DC75-4A08-B605-D5A9D9062256}.Release|iPhoneSimulator.Build.0 = Release|Any CPU
		{DE24990E-B519-4409-AD1F-D4CC3D6F6DBB}.Debug|Any CPU.ActiveCfg = Debug|iPhoneSimulator
		{DE24990E-B519-4409-AD1F-D4CC3D6F6DBB}.Debug|Any CPU.Build.0 = Debug|iPhoneSimulator
		{DE24990E-B519-4409-AD1F-D4CC3D6F6DBB}.Debug|iPhone.ActiveCfg = Debug|iPhone
		{DE24990E-B519-4409-AD1F-D4CC3D6F6DBB}.Debug|iPhone.Build.0 = Debug|iPhone
		{DE24990E-B519-4409-AD1F-D4CC3D6F6DBB}.Debug|iPhoneSimulator.ActiveCfg = Debug|iPhoneSimulator
		{DE24990E-B519-4409-AD1F-D4CC3D6F6DBB}.Debug|iPhoneSimulator.Build.0 = Debug|iPhoneSimulator
		{DE24990E-B519-4409-AD1F-D4CC3D6F6DBB}.Release|Any CPU.ActiveCfg = Release|iPhone
		{DE24990E-B519-4409-AD1F-D4CC3D6F6DBB}.Release|Any CPU.Build.0 = Release|iPhone
		{DE24990E-B519-4409-AD1F-D4CC3D6F6DBB}.Release|iPhone.ActiveCfg = Release|iPhone
		{DE24990E-B519-4409-AD1F-D4CC3D6F6DBB}.Release|iPhone.Build.0 = Release|iPhone
		{DE24990E-B519-4409-AD1F-D4CC3D6F6DBB}.Release|iPhoneSimulator.ActiveCfg = Release|iPhoneSimulator
		{DE24990E-B519-4409-AD1F-D4CC3D6F6DBB}.Release|iPhoneSimulator.Build.0 = Release|iPhoneSimulator
	EndGlobalSection
EndGlobal
